
Microsoft Visual Studio Solution File, Format Version 12.00
# Visual Studio 15
Project("{FAE04EC0-301F-11D3-BF4B-00C04F79EFBC}") = "OdeToFoodCore", "OdeToFoodCore\OdeToFoodCore.csproj", "{FC573763-579D-46CE-ABD0-6A5854C2F872}"
EndProject
Project("{FAE04EC0-301F-11D3-BF4B-00C04F79EFBC}") = "OdeToFoodCore.Core", "OdeToFoodCore.Core\OdeToFoodCore.Core.csproj", "{FDED947A-8A67-435E-BCF2-74F2217CD39E}"
EndProject
Project("{FAE04EC0-301F-11D3-BF4B-00C04F79EFBC}") = "OdeToFoodCore.Data", "OdeToFoodCore.Data\OdeToFoodCore.Data.csproj", "{F2991CAC-621C-4120-8560-9509AC19E663}"
EndProject
Global
	GlobalSection(SolutionConfigurationPlatforms) = preSolution
		Debug|Any CPU = Debug|Any CPU
		Release|Any CPU = Release|Any CPU
	EndGlobalSection
	GlobalSection(ProjectConfigurationPlatforms) = postSolution
		{FC573763-579D-46CE-ABD0-6A5854C2F872}.Debug|Any CPU.ActiveCfg = Debug|Any CPU
		{FC573763-579D-46CE-ABD0-6A5854C2F872}.Debug|Any CPU.Build.0 = Debug|Any CPU
		{FC573763-579D-46CE-ABD0-6A5854C2F872}.Release|Any CPU.ActiveCfg = Release|Any CPU
		{FC573763-579D-46CE-ABD0-6A5854C2F872}.Release|Any CPU.Build.0 = Release|Any CPU
		{FDED947A-8A67-435E-BCF2-74F2217CD39E}.Debug|Any CPU.ActiveCfg = Debug|Any CPU
		{FDED947A-8A67-435E-BCF2-74F2217CD39E}.Debug|Any CPU.Build.0 = Debug|Any CPU
		{FDED947A-8A67-435E-BCF2-74F2217CD39E}.Release|Any CPU.ActiveCfg = Release|Any CPU
		{FDED947A-8A67-435E-BCF2-74F2217CD39E}.Release|Any CPU.Build.0 = Release|Any CPU
		{F2991CAC-621C-4120-8560-9509AC19E663}.Debug|Any CPU.ActiveCfg = Debug|Any CPU
		{F2991CAC-621C-4120-8560-9509AC19E663}.Debug|Any CPU.Build.0 = Debug|Any CPU
		{F2991CAC-621C-4120-8560-9509AC19E663}.Release|Any CPU.ActiveCfg = Release|Any CPU
		{F2991CAC-621C-4120-8560-9509AC19E663}.Release|Any CPU.Build.0 = Release|Any CPU
	EndGlobalSection
EndGlobal
